// !$*UTF8*$!
{
	archiveVersion = 1;
	classes = {
	};
	objectVersion = 56;
	objects = {

/* Begin PBXBuildFile section */
		0F0BAC0F293F7BDD00A577A7 /* PersonViewController.swift in Sources */ = {isa = PBXBuildFile; fileRef = 0F0BAC0E293F7BDD00A577A7 /* PersonViewController.swift */; };
		0F0BAC12293F7C0F00A577A7 /* personExtensionController.swift in Sources */ = {isa = PBXBuildFile; fileRef = 0F0BAC11293F7C0F00A577A7 /* personExtensionController.swift */; };
		0F0BAC15293F869100A577A7 /* PersonData.swift in Sources */ = {isa = PBXBuildFile; fileRef = 0F0BAC14293F869100A577A7 /* PersonData.swift */; };
		0F0BAC17293F87E000A577A7 /* KnowFor.swift in Sources */ = {isa = PBXBuildFile; fileRef = 0F0BAC16293F87E000A577A7 /* KnowFor.swift */; };
		0F0BAC19293F8A5A00A577A7 /* PersonResults.swift in Sources */ = {isa = PBXBuildFile; fileRef = 0F0BAC18293F8A5900A577A7 /* PersonResults.swift */; };
		0F0BAC1B293F8A9F00A577A7 /* PersonTableViewCell.swift in Sources */ = {isa = PBXBuildFile; fileRef = 0F0BAC1A293F8A9F00A577A7 /* PersonTableViewCell.swift */; };
		0F0BAC1D293F8B1C00A577A7 /* PersonBrain.swift in Sources */ = {isa = PBXBuildFile; fileRef = 0F0BAC1C293F8B1C00A577A7 /* PersonBrain.swift */; };
		0F0BAC20293FBD8100A577A7 /* PersonMovieViewController.swift in Sources */ = {isa = PBXBuildFile; fileRef = 0F0BAC1F293FBD8100A577A7 /* PersonMovieViewController.swift */; };
		0F0BAC22293FBEA400A577A7 /* PersonMovieTableViewCell.swift in Sources */ = {isa = PBXBuildFile; fileRef = 0F0BAC21293FBEA400A577A7 /* PersonMovieTableViewCell.swift */; };
		0F0BAC24293FC05100A577A7 /* PersonMoviesExtensionController.swift in Sources */ = {isa = PBXBuildFile; fileRef = 0F0BAC23293FC05100A577A7 /* PersonMoviesExtensionController.swift */; };
		0F0BAC26293FC39F00A577A7 /* PersonMovies.storyboard in Resources */ = {isa = PBXBuildFile; fileRef = 0F0BAC25293FC39F00A577A7 /* PersonMovies.storyboard */; };
		0F1DB6E0294108BC00EF3682 /* PeopleScreen.storyboard in Resources */ = {isa = PBXBuildFile; fileRef = 0F1DB6DE294108BC00EF3682 /* PeopleScreen.storyboard */; };
		0F1DB6E2294108E000EF3682 /* MovieScreen.storyboard in Resources */ = {isa = PBXBuildFile; fileRef = 0F1DB6E1294108E000EF3682 /* MovieScreen.storyboard */; };
		0F1DB6E52941090600EF3682 /* TvShowScreen.storyboard in Resources */ = {isa = PBXBuildFile; fileRef = 0F1DB6E32941090600EF3682 /* TvShowScreen.storyboard */; };
		0FE5E341293A5DA5008E32D2 /* AppDelegate.swift in Sources */ = {isa = PBXBuildFile; fileRef = 0FE5E340293A5DA5008E32D2 /* AppDelegate.swift */; };
		0FE5E343293A5DA5008E32D2 /* SceneDelegate.swift in Sources */ = {isa = PBXBuildFile; fileRef = 0FE5E342293A5DA5008E32D2 /* SceneDelegate.swift */; };
		0FE5E345293A5DA5008E32D2 /* MoviesViewController.swift in Sources */ = {isa = PBXBuildFile; fileRef = 0FE5E344293A5DA5008E32D2 /* MoviesViewController.swift */; };
		0FE5E348293A5DA5008E32D2 /* Main.storyboard in Resources */ = {isa = PBXBuildFile; fileRef = 0FE5E346293A5DA5008E32D2 /* Main.storyboard */; };
		0FE5E34A293A5DA6008E32D2 /* Assets.xcassets in Resources */ = {isa = PBXBuildFile; fileRef = 0FE5E349293A5DA6008E32D2 /* Assets.xcassets */; };
		0FE5E34D293A5DA6008E32D2 /* LaunchScreen.storyboard in Resources */ = {isa = PBXBuildFile; fileRef = 0FE5E34B293A5DA6008E32D2 /* LaunchScreen.storyboard */; };
		0FE5E358293A5FEC008E32D2 /* MoviesBrain.swift in Sources */ = {isa = PBXBuildFile; fileRef = 0FE5E357293A5FEC008E32D2 /* MoviesBrain.swift */; };
		0FE5E35A293A6005008E32D2 /* MovieResults.swift in Sources */ = {isa = PBXBuildFile; fileRef = 0FE5E359293A6005008E32D2 /* MovieResults.swift */; };
		0FE5E35C293A601C008E32D2 /* MoviesData.swift in Sources */ = {isa = PBXBuildFile; fileRef = 0FE5E35B293A601C008E32D2 /* MoviesData.swift */; };
		0FE5E35E293A72E9008E32D2 /* ExtensionController.swift in Sources */ = {isa = PBXBuildFile; fileRef = 0FE5E35D293A72E9008E32D2 /* ExtensionController.swift */; };
		0FE5E360293A7832008E32D2 /* MovieTableViewCell.swift in Sources */ = {isa = PBXBuildFile; fileRef = 0FE5E35F293A7832008E32D2 /* MovieTableViewCell.swift */; };
		0FFFA0D5293E5EA300353FA0 /* TvShowViewController.swift in Sources */ = {isa = PBXBuildFile; fileRef = 0FFFA0D4293E5EA300353FA0 /* TvShowViewController.swift */; };
		0FFFA0D7293E616100353FA0 /* TvShowData.swift in Sources */ = {isa = PBXBuildFile; fileRef = 0FFFA0D6293E616100353FA0 /* TvShowData.swift */; };
		0FFFA0D9293E640000353FA0 /* TvShowResults.swift in Sources */ = {isa = PBXBuildFile; fileRef = 0FFFA0D8293E640000353FA0 /* TvShowResults.swift */; };
		0FFFA0DB293E692400353FA0 /* TvShowBrain.swift in Sources */ = {isa = PBXBuildFile; fileRef = 0FFFA0DA293E692400353FA0 /* TvShowBrain.swift */; };
		0FFFA0DD293E6E6700353FA0 /* TvShowTableViewCell.swift in Sources */ = {isa = PBXBuildFile; fileRef = 0FFFA0DC293E6E6700353FA0 /* TvShowTableViewCell.swift */; };
		0FFFA0DF293E71A700353FA0 /* ExtensionTvShowController.swift in Sources */ = {isa = PBXBuildFile; fileRef = 0FFFA0DE293E71A700353FA0 /* ExtensionTvShowController.swift */; };
/* End PBXBuildFile section */

/* Begin PBXFileReference section */
		0F0BAC0E293F7BDD00A577A7 /* PersonViewController.swift */ = {isa = PBXFileReference; lastKnownFileType = sourcecode.swift; path = PersonViewController.swift; sourceTree = "<group>"; };
		0F0BAC11293F7C0F00A577A7 /* personExtensionController.swift */ = {isa = PBXFileReference; lastKnownFileType = sourcecode.swift; path = personExtensionController.swift; sourceTree = "<group>"; };
		0F0BAC14293F869100A577A7 /* PersonData.swift */ = {isa = PBXFileReference; lastKnownFileType = sourcecode.swift; path = PersonData.swift; sourceTree = "<group>"; };
		0F0BAC16293F87E000A577A7 /* KnowFor.swift */ = {isa = PBXFileReference; lastKnownFileType = sourcecode.swift; path = KnowFor.swift; sourceTree = "<group>"; };
		0F0BAC18293F8A5900A577A7 /* PersonResults.swift */ = {isa = PBXFileReference; lastKnownFileType = sourcecode.swift; path = PersonResults.swift; sourceTree = "<group>"; };
		0F0BAC1A293F8A9F00A577A7 /* PersonTableViewCell.swift */ = {isa = PBXFileReference; lastKnownFileType = sourcecode.swift; path = PersonTableViewCell.swift; sourceTree = "<group>"; };
		0F0BAC1C293F8B1C00A577A7 /* PersonBrain.swift */ = {isa = PBXFileReference; lastKnownFileType = sourcecode.swift; path = PersonBrain.swift; sourceTree = "<group>"; };
		0F0BAC1F293FBD8100A577A7 /* PersonMovieViewController.swift */ = {isa = PBXFileReference; lastKnownFileType = sourcecode.swift; path = PersonMovieViewController.swift; sourceTree = "<group>"; };
		0F0BAC21293FBEA400A577A7 /* PersonMovieTableViewCell.swift */ = {isa = PBXFileReference; lastKnownFileType = sourcecode.swift; path = PersonMovieTableViewCell.swift; sourceTree = "<group>"; };
		0F0BAC23293FC05100A577A7 /* PersonMoviesExtensionController.swift */ = {isa = PBXFileReference; lastKnownFileType = sourcecode.swift; path = PersonMoviesExtensionController.swift; sourceTree = "<group>"; };
		0F0BAC25293FC39F00A577A7 /* PersonMovies.storyboard */ = {isa = PBXFileReference; lastKnownFileType = file.storyboard; path = PersonMovies.storyboard; sourceTree = "<group>"; };
		0F1DB6DF294108BC00EF3682 /* Base */ = {isa = PBXFileReference; lastKnownFileType = file.storyboard; name = Base; path = View/Base.lproj/PeopleScreen.storyboard; sourceTree = "<group>"; };
		0F1DB6E1294108E000EF3682 /* MovieScreen.storyboard */ = {isa = PBXFileReference; fileEncoding = 4; lastKnownFileType = file.storyboard; path = MovieScreen.storyboard; sourceTree = "<group>"; };
		0F1DB6E42941090600EF3682 /* Base */ = {isa = PBXFileReference; lastKnownFileType = file.storyboard; name = Base; path = View/Base.lproj/TvShowScreen.storyboard; sourceTree = "<group>"; };
		0FE5E33D293A5DA5008E32D2 /* moviesApp2.app */ = {isa = PBXFileReference; explicitFileType = wrapper.application; includeInIndex = 0; path = moviesApp2.app; sourceTree = BUILT_PRODUCTS_DIR; };
		0FE5E340293A5DA5008E32D2 /* AppDelegate.swift */ = {isa = PBXFileReference; lastKnownFileType = sourcecode.swift; path = AppDelegate.swift; sourceTree = "<group>"; };
		0FE5E342293A5DA5008E32D2 /* SceneDelegate.swift */ = {isa = PBXFileReference; lastKnownFileType = sourcecode.swift; path = SceneDelegate.swift; sourceTree = "<group>"; };
		0FE5E344293A5DA5008E32D2 /* MoviesViewController.swift */ = {isa = PBXFileReference; lastKnownFileType = sourcecode.swift; path = MoviesViewController.swift; sourceTree = "<group>"; };
		0FE5E347293A5DA5008E32D2 /* Base */ = {isa = PBXFileReference; lastKnownFileType = file.storyboard; name = Base; path = Base.lproj/Main.storyboard; sourceTree = "<group>"; };
		0FE5E349293A5DA6008E32D2 /* Assets.xcassets */ = {isa = PBXFileReference; lastKnownFileType = folder.assetcatalog; path = Assets.xcassets; sourceTree = "<group>"; };
		0FE5E34C293A5DA6008E32D2 /* Base */ = {isa = PBXFileReference; lastKnownFileType = file.storyboard; name = Base; path = Base.lproj/LaunchScreen.storyboard; sourceTree = "<group>"; };
		0FE5E34E293A5DA6008E32D2 /* Info.plist */ = {isa = PBXFileReference; lastKnownFileType = text.plist.xml; path = Info.plist; sourceTree = "<group>"; };
		0FE5E357293A5FEC008E32D2 /* MoviesBrain.swift */ = {isa = PBXFileReference; lastKnownFileType = sourcecode.swift; path = MoviesBrain.swift; sourceTree = "<group>"; };
		0FE5E359293A6005008E32D2 /* MovieResults.swift */ = {isa = PBXFileReference; lastKnownFileType = sourcecode.swift; path = MovieResults.swift; sourceTree = "<group>"; };
		0FE5E35B293A601C008E32D2 /* MoviesData.swift */ = {isa = PBXFileReference; lastKnownFileType = sourcecode.swift; path = MoviesData.swift; sourceTree = "<group>"; };
		0FE5E35D293A72E9008E32D2 /* ExtensionController.swift */ = {isa = PBXFileReference; lastKnownFileType = sourcecode.swift; path = ExtensionController.swift; sourceTree = "<group>"; };
		0FE5E35F293A7832008E32D2 /* MovieTableViewCell.swift */ = {isa = PBXFileReference; lastKnownFileType = sourcecode.swift; path = MovieTableViewCell.swift; sourceTree = "<group>"; };
		0FFFA0D4293E5EA300353FA0 /* TvShowViewController.swift */ = {isa = PBXFileReference; lastKnownFileType = sourcecode.swift; path = TvShowViewController.swift; sourceTree = "<group>"; };
		0FFFA0D6293E616100353FA0 /* TvShowData.swift */ = {isa = PBXFileReference; lastKnownFileType = sourcecode.swift; path = TvShowData.swift; sourceTree = "<group>"; };
		0FFFA0D8293E640000353FA0 /* TvShowResults.swift */ = {isa = PBXFileReference; lastKnownFileType = sourcecode.swift; path = TvShowResults.swift; sourceTree = "<group>"; };
		0FFFA0DA293E692400353FA0 /* TvShowBrain.swift */ = {isa = PBXFileReference; lastKnownFileType = sourcecode.swift; path = TvShowBrain.swift; sourceTree = "<group>"; };
		0FFFA0DC293E6E6700353FA0 /* TvShowTableViewCell.swift */ = {isa = PBXFileReference; lastKnownFileType = sourcecode.swift; path = TvShowTableViewCell.swift; sourceTree = "<group>"; };
		0FFFA0DE293E71A700353FA0 /* ExtensionTvShowController.swift */ = {isa = PBXFileReference; lastKnownFileType = sourcecode.swift; path = ExtensionTvShowController.swift; sourceTree = "<group>"; };
/* End PBXFileReference section */

/* Begin PBXFrameworksBuildPhase section */
		0FE5E33A293A5DA5008E32D2 /* Frameworks */ = {
			isa = PBXFrameworksBuildPhase;
			buildActionMask = 2147483647;
			files = (
			);
			runOnlyForDeploymentPostprocessing = 0;
		};
/* End PBXFrameworksBuildPhase section */

/* Begin PBXGroup section */
		0F0BAC0A293F7B3600A577A7 /* TvShows */ = {
			isa = PBXGroup;
			children = (
				0FFFA0D6293E616100353FA0 /* TvShowData.swift */,
				0FFFA0D8293E640000353FA0 /* TvShowResults.swift */,
				0FFFA0DA293E692400353FA0 /* TvShowBrain.swift */,
			);
			path = TvShows;
			sourceTree = "<group>";
		};
		0F0BAC0B293F7B5400A577A7 /* Movies */ = {
			isa = PBXGroup;
			children = (
				0FE5E357293A5FEC008E32D2 /* MoviesBrain.swift */,
				0FE5E35B293A601C008E32D2 /* MoviesData.swift */,
				0FE5E359293A6005008E32D2 /* MovieResults.swift */,
			);
			path = Movies;
			sourceTree = "<group>";
		};
		0F0BAC0C293F7B8500A577A7 /* TvShowController */ = {
			isa = PBXGroup;
			children = (
				0FFFA0DE293E71A700353FA0 /* ExtensionTvShowController.swift */,
				0FFFA0D4293E5EA300353FA0 /* TvShowViewController.swift */,
			);
			path = TvShowController;
			sourceTree = "<group>";
		};
		0F0BAC0D293F7B9C00A577A7 /* MoviesController */ = {
			isa = PBXGroup;
			children = (
				0FE5E344293A5DA5008E32D2 /* MoviesViewController.swift */,
				0FE5E35D293A72E9008E32D2 /* ExtensionController.swift */,
			);
			path = MoviesController;
			sourceTree = "<group>";
		};
		0F0BAC10293F7BF400A577A7 /* PersonController */ = {
			isa = PBXGroup;
			children = (
				0F0BAC0E293F7BDD00A577A7 /* PersonViewController.swift */,
				0F0BAC11293F7C0F00A577A7 /* personExtensionController.swift */,
			);
			path = PersonController;
			sourceTree = "<group>";
		};
		0F0BAC13293F861600A577A7 /* Person */ = {
			isa = PBXGroup;
			children = (
				0F0BAC14293F869100A577A7 /* PersonData.swift */,
				0F0BAC16293F87E000A577A7 /* KnowFor.swift */,
				0F0BAC18293F8A5900A577A7 /* PersonResults.swift */,
				0F0BAC1C293F8B1C00A577A7 /* PersonBrain.swift */,
			);
			path = Person;
			sourceTree = "<group>";
		};
		0F0BAC1E293FBD6000A577A7 /* PersonMovie */ = {
			isa = PBXGroup;
			children = (
				0F0BAC1F293FBD8100A577A7 /* PersonMovieViewController.swift */,
				0F0BAC23293FC05100A577A7 /* PersonMoviesExtensionController.swift */,
			);
			path = PersonMovie;
			sourceTree = "<group>";
		};
		0FE5E334293A5DA5008E32D2 = {
			isa = PBXGroup;
			children = (
				0FE5E356293A5F1E008E32D2 /* Model */,
				0FE5E355293A5F18008E32D2 /* View */,
				0FE5E354293A5F0D008E32D2 /* Controller */,
				0FE5E33F293A5DA5008E32D2 /* moviesApp2 */,
				0FE5E33E293A5DA5008E32D2 /* Products */,
			);
			sourceTree = "<group>";
		};
		0FE5E33E293A5DA5008E32D2 /* Products */ = {
			isa = PBXGroup;
			children = (
				0FE5E33D293A5DA5008E32D2 /* moviesApp2.app */,
			);
			name = Products;
			sourceTree = "<group>";
		};
		0FE5E33F293A5DA5008E32D2 /* moviesApp2 */ = {
			isa = PBXGroup;
			children = (
				0FE5E340293A5DA5008E32D2 /* AppDelegate.swift */,
				0FE5E342293A5DA5008E32D2 /* SceneDelegate.swift */,
				0FE5E349293A5DA6008E32D2 /* Assets.xcassets */,
				0FE5E34B293A5DA6008E32D2 /* LaunchScreen.storyboard */,
				0FE5E34E293A5DA6008E32D2 /* Info.plist */,
			);
			path = moviesApp2;
			sourceTree = "<group>";
		};
		0FE5E354293A5F0D008E32D2 /* Controller */ = {
			isa = PBXGroup;
			children = (
				0F0BAC1E293FBD6000A577A7 /* PersonMovie */,
				0F0BAC10293F7BF400A577A7 /* PersonController */,
				0F0BAC0D293F7B9C00A577A7 /* MoviesController */,
				0F0BAC0C293F7B8500A577A7 /* TvShowController */,
			);
			path = Controller;
			sourceTree = "<group>";
		};
		0FE5E355293A5F18008E32D2 /* View */ = {
			isa = PBXGroup;
			children = (
				0F1DB6E32941090600EF3682 /* TvShowScreen.storyboard */,
				0F1DB6E1294108E000EF3682 /* MovieScreen.storyboard */,
				0F1DB6DE294108BC00EF3682 /* PeopleScreen.storyboard */,
				0FE5E346293A5DA5008E32D2 /* Main.storyboard */,
				0F0BAC25293FC39F00A577A7 /* PersonMovies.storyboard */,
				0FE5E35F293A7832008E32D2 /* MovieTableViewCell.swift */,
				0FFFA0DC293E6E6700353FA0 /* TvShowTableViewCell.swift */,
				0F0BAC1A293F8A9F00A577A7 /* PersonTableViewCell.swift */,
				0F0BAC21293FBEA400A577A7 /* PersonMovieTableViewCell.swift */,
			);
			path = View;
			sourceTree = "<group>";
		};
		0FE5E356293A5F1E008E32D2 /* Model */ = {
			isa = PBXGroup;
			children = (
				0F0BAC13293F861600A577A7 /* Person */,
				0F0BAC0B293F7B5400A577A7 /* Movies */,
				0F0BAC0A293F7B3600A577A7 /* TvShows */,
			);
			path = Model;
			sourceTree = "<group>";
		};
/* End PBXGroup section */

/* Begin PBXNativeTarget section */
		0FE5E33C293A5DA5008E32D2 /* moviesApp2 */ = {
			isa = PBXNativeTarget;
			buildConfigurationList = 0FE5E351293A5DA6008E32D2 /* Build configuration list for PBXNativeTarget "moviesApp2" */;
			buildPhases = (
				0FE5E339293A5DA5008E32D2 /* Sources */,
				0FE5E33A293A5DA5008E32D2 /* Frameworks */,
				0FE5E33B293A5DA5008E32D2 /* Resources */,
			);
			buildRules = (
			);
			dependencies = (
			);
			name = moviesApp2;
			productName = moviesApp2;
			productReference = 0FE5E33D293A5DA5008E32D2 /* moviesApp2.app */;
			productType = "com.apple.product-type.application";
		};
/* End PBXNativeTarget section */

/* Begin PBXProject section */
		0FE5E335293A5DA5008E32D2 /* Project object */ = {
			isa = PBXProject;
			attributes = {
				BuildIndependentTargetsInParallel = 1;
				LastSwiftUpdateCheck = 1400;
				LastUpgradeCheck = 1400;
				TargetAttributes = {
					0FE5E33C293A5DA5008E32D2 = {
						CreatedOnToolsVersion = 14.0.1;
					};
				};
			};
			buildConfigurationList = 0FE5E338293A5DA5008E32D2 /* Build configuration list for PBXProject "moviesApp2" */;
			compatibilityVersion = "Xcode 14.0";
			developmentRegion = en;
			hasScannedForEncodings = 0;
			knownRegions = (
				en,
				Base,
			);
			mainGroup = 0FE5E334293A5DA5008E32D2;
			productRefGroup = 0FE5E33E293A5DA5008E32D2 /* Products */;
			projectDirPath = "";
			projectRoot = "";
			targets = (
				0FE5E33C293A5DA5008E32D2 /* moviesApp2 */,
			);
		};
/* End PBXProject section */

/* Begin PBXResourcesBuildPhase section */
		0FE5E33B293A5DA5008E32D2 /* Resources */ = {
			isa = PBXResourcesBuildPhase;
			buildActionMask = 2147483647;
			files = (
				0F0BAC26293FC39F00A577A7 /* PersonMovies.storyboard in Resources */,
				0FE5E34D293A5DA6008E32D2 /* LaunchScreen.storyboard in Resources */,
				0FE5E34A293A5DA6008E32D2 /* Assets.xcassets in Resources */,
				0F1DB6E2294108E000EF3682 /* MovieScreen.storyboard in Resources */,
				0F1DB6E52941090600EF3682 /* TvShowScreen.storyboard in Resources */,
				0FE5E348293A5DA5008E32D2 /* Main.storyboard in Resources */,
				0F1DB6E0294108BC00EF3682 /* PeopleScreen.storyboard in Resources */,
			);
			runOnlyForDeploymentPostprocessing = 0;
		};
/* End PBXResourcesBuildPhase section */

/* Begin PBXSourcesBuildPhase section */
		0FE5E339293A5DA5008E32D2 /* Sources */ = {
			isa = PBXSourcesBuildPhase;
			buildActionMask = 2147483647;
			files = (
				0FFFA0D9293E640000353FA0 /* TvShowResults.swift in Sources */,
				0FFFA0DD293E6E6700353FA0 /* TvShowTableViewCell.swift in Sources */,
				0F0BAC22293FBEA400A577A7 /* PersonMovieTableViewCell.swift in Sources */,
				0F0BAC20293FBD8100A577A7 /* PersonMovieViewController.swift in Sources */,
				0F0BAC12293F7C0F00A577A7 /* personExtensionController.swift in Sources */,
				0F0BAC24293FC05100A577A7 /* PersonMoviesExtensionController.swift in Sources */,
				0FFFA0D5293E5EA300353FA0 /* TvShowViewController.swift in Sources */,
				0FE5E345293A5DA5008E32D2 /* MoviesViewController.swift in Sources */,
				0FFFA0DB293E692400353FA0 /* TvShowBrain.swift in Sources */,
				0F0BAC17293F87E000A577A7 /* KnowFor.swift in Sources */,
				0FE5E360293A7832008E32D2 /* MovieTableViewCell.swift in Sources */,
				0F0BAC15293F869100A577A7 /* PersonData.swift in Sources */,
				0FE5E341293A5DA5008E32D2 /* AppDelegate.swift in Sources */,
				0FFFA0D7293E616100353FA0 /* TvShowData.swift in Sources */,
				0FE5E343293A5DA5008E32D2 /* SceneDelegate.swift in Sources */,
				0FE5E358293A5FEC008E32D2 /* MoviesBrain.swift in Sources */,
				0F0BAC0F293F7BDD00A577A7 /* PersonViewController.swift in Sources */,
				0FE5E35C293A601C008E32D2 /* MoviesData.swift in Sources */,
				0F0BAC19293F8A5A00A577A7 /* PersonResults.swift in Sources */,
				0F0BAC1D293F8B1C00A577A7 /* PersonBrain.swift in Sources */,
				0FE5E35E293A72E9008E32D2 /* ExtensionController.swift in Sources */,
				0FFFA0DF293E71A700353FA0 /* ExtensionTvShowController.swift in Sources */,
				0F0BAC1B293F8A9F00A577A7 /* PersonTableViewCell.swift in Sources */,
				0FE5E35A293A6005008E32D2 /* MovieResults.swift in Sources */,
			);
			runOnlyForDeploymentPostprocessing = 0;
		};
/* End PBXSourcesBuildPhase section */

/* Begin PBXVariantGroup section */
		0F1DB6DE294108BC00EF3682 /* PeopleScreen.storyboard */ = {
			isa = PBXVariantGroup;
			children = (
				0F1DB6DF294108BC00EF3682 /* Base */,
			);
			name = PeopleScreen.storyboard;
			sourceTree = "<group>";
		};
		0F1DB6E32941090600EF3682 /* TvShowScreen.storyboard */ = {
			isa = PBXVariantGroup;
			children = (
				0F1DB6E42941090600EF3682 /* Base */,
			);
			name = TvShowScreen.storyboard;
			sourceTree = "<group>";
		};
		0FE5E346293A5DA5008E32D2 /* Main.storyboard */ = {
			isa = PBXVariantGroup;
			children = (
				0FE5E347293A5DA5008E32D2 /* Base */,
			);
			name = Main.storyboard;
			sourceTree = "<group>";
		};
		0FE5E34B293A5DA6008E32D2 /* LaunchScreen.storyboard */ = {
			isa = PBXVariantGroup;
			children = (
				0FE5E34C293A5DA6008E32D2 /* Base */,
			);
			name = LaunchScreen.storyboard;
			sourceTree = "<group>";
		};
/* End PBXVariantGroup section */

/* Begin XCBuildConfiguration section */
		0FE5E34F293A5DA6008E32D2 /* Debug */ = {
			isa = XCBuildConfiguration;
			buildSettings = {
				ALWAYS_SEARCH_USER_PATHS = NO;
				CLANG_ANALYZER_NONNULL = YES;
				CLANG_ANALYZER_NUMBER_OBJECT_CONVERSION = YES_AGGRESSIVE;
				CLANG_CXX_LANGUAGE_STANDARD = "gnu++20";
				CLANG_ENABLE_MODULES = YES;
				CLANG_ENABLE_OBJC_ARC = YES;
				CLANG_ENABLE_OBJC_WEAK = YES;
				CLANG_WARN_BLOCK_CAPTURE_AUTORELEASING = YES;
				CLANG_WARN_BOOL_CONVERSION = YES;
				CLANG_WARN_COMMA = YES;
				CLANG_WARN_CONSTANT_CONVERSION = YES;
				CLANG_WARN_DEPRECATED_OBJC_IMPLEMENTATIONS = YES;
				CLANG_WARN_DIRECT_OBJC_ISA_USAGE = YES_ERROR;
				CLANG_WARN_DOCUMENTATION_COMMENTS = YES;
				CLANG_WARN_EMPTY_BODY = YES;
				CLANG_WARN_ENUM_CONVERSION = YES;
				CLANG_WARN_INFINITE_RECURSION = YES;
				CLANG_WARN_INT_CONVERSION = YES;
				CLANG_WARN_NON_LITERAL_NULL_CONVERSION = YES;
				CLANG_WARN_OBJC_IMPLICIT_RETAIN_SELF = YES;
				CLANG_WARN_OBJC_LITERAL_CONVERSION = YES;
				CLANG_WARN_OBJC_ROOT_CLASS = YES_ERROR;
				CLANG_WARN_QUOTED_INCLUDE_IN_FRAMEWORK_HEADER = YES;
				CLANG_WARN_RANGE_LOOP_ANALYSIS = YES;
				CLANG_WARN_STRICT_PROTOTYPES = YES;
				CLANG_WARN_SUSPICIOUS_MOVE = YES;
				CLANG_WARN_UNGUARDED_AVAILABILITY = YES_AGGRESSIVE;
				CLANG_WARN_UNREACHABLE_CODE = YES;
				CLANG_WARN__DUPLICATE_METHOD_MATCH = YES;
				COPY_PHASE_STRIP = NO;
				DEBUG_INFORMATION_FORMAT = dwarf;
				ENABLE_STRICT_OBJC_MSGSEND = YES;
				ENABLE_TESTABILITY = YES;
				GCC_C_LANGUAGE_STANDARD = gnu11;
				GCC_DYNAMIC_NO_PIC = NO;
				GCC_NO_COMMON_BLOCKS = YES;
				GCC_OPTIMIZATION_LEVEL = 0;
				GCC_PREPROCESSOR_DEFINITIONS = (
					"DEBUG=1",
					"$(inherited)",
				);
				GCC_WARN_64_TO_32_BIT_CONVERSION = YES;
				GCC_WARN_ABOUT_RETURN_TYPE = YES_ERROR;
				GCC_WARN_UNDECLARED_SELECTOR = YES;
				GCC_WARN_UNINITIALIZED_AUTOS = YES_AGGRESSIVE;
				GCC_WARN_UNUSED_FUNCTION = YES;
				GCC_WARN_UNUSED_VARIABLE = YES;
				IPHONEOS_DEPLOYMENT_TARGET = 16.0;
				MTL_ENABLE_DEBUG_INFO = INCLUDE_SOURCE;
				MTL_FAST_MATH = YES;
				ONLY_ACTIVE_ARCH = YES;
				SDKROOT = iphoneos;
				SWIFT_ACTIVE_COMPILATION_CONDITIONS = DEBUG;
				SWIFT_OPTIMIZATION_LEVEL = "-Onone";
			};
			name = Debug;
		};
		0FE5E350293A5DA6008E32D2 /* Release */ = {
			isa = XCBuildConfiguration;
			buildSettings = {
				ALWAYS_SEARCH_USER_PATHS = NO;
				CLANG_ANALYZER_NONNULL = YES;
				CLANG_ANALYZER_NUMBER_OBJECT_CONVERSION = YES_AGGRESSIVE;
				CLANG_CXX_LANGUAGE_STANDARD = "gnu++20";
				CLANG_ENABLE_MODULES = YES;
				CLANG_ENABLE_OBJC_ARC = YES;
				CLANG_ENABLE_OBJC_WEAK = YES;
				CLANG_WARN_BLOCK_CAPTURE_AUTORELEASING = YES;
				CLANG_WARN_BOOL_CONVERSION = YES;
				CLANG_WARN_COMMA = YES;
				CLANG_WARN_CONSTANT_CONVERSION = YES;
				CLANG_WARN_DEPRECATED_OBJC_IMPLEMENTATIONS = YES;
				CLANG_WARN_DIRECT_OBJC_ISA_USAGE = YES_ERROR;
				CLANG_WARN_DOCUMENTATION_COMMENTS = YES;
				CLANG_WARN_EMPTY_BODY = YES;
				CLANG_WARN_ENUM_CONVERSION = YES;
				CLANG_WARN_INFINITE_RECURSION = YES;
				CLANG_WARN_INT_CONVERSION = YES;
				CLANG_WARN_NON_LITERAL_NULL_CONVERSION = YES;
				CLANG_WARN_OBJC_IMPLICIT_RETAIN_SELF = YES;
				CLANG_WARN_OBJC_LITERAL_CONVERSION = YES;
				CLANG_WARN_OBJC_ROOT_CLASS = YES_ERROR;
				CLANG_WARN_QUOTED_INCLUDE_IN_FRAMEWORK_HEADER = YES;
				CLANG_WARN_RANGE_LOOP_ANALYSIS = YES;
				CLANG_WARN_STRICT_PROTOTYPES = YES;
				CLANG_WARN_SUSPICIOUS_MOVE = YES;
				CLANG_WARN_UNGUARDED_AVAILABILITY = YES_AGGRESSIVE;
				CLANG_WARN_UNREACHABLE_CODE = YES;
				CLANG_WARN__DUPLICATE_METHOD_MATCH = YES;
				COPY_PHASE_STRIP = NO;
				DEBUG_INFORMATION_FORMAT = "dwarf-with-dsym";
				ENABLE_NS_ASSERTIONS = NO;
				ENABLE_STRICT_OBJC_MSGSEND = YES;
				GCC_C_LANGUAGE_STANDARD = gnu11;
				GCC_NO_COMMON_BLOCKS = YES;
				GCC_WARN_64_TO_32_BIT_CONVERSION = YES;
				GCC_WARN_ABOUT_RETURN_TYPE = YES_ERROR;
				GCC_WARN_UNDECLARED_SELECTOR = YES;
				GCC_WARN_UNINITIALIZED_AUTOS = YES_AGGRESSIVE;
				GCC_WARN_UNUSED_FUNCTION = YES;
				GCC_WARN_UNUSED_VARIABLE = YES;
				IPHONEOS_DEPLOYMENT_TARGET = 16.0;
				MTL_ENABLE_DEBUG_INFO = NO;
				MTL_FAST_MATH = YES;
				SDKROOT = iphoneos;
				SWIFT_COMPILATION_MODE = wholemodule;
				SWIFT_OPTIMIZATION_LEVEL = "-O";
				VALIDATE_PRODUCT = YES;
			};
			name = Release;
		};
		0FE5E352293A5DA6008E32D2 /* Debug */ = {
			isa = XCBuildConfiguration;
			buildSettings = {
				ASSETCATALOG_COMPILER_APPICON_NAME = AppIcon;
				ASSETCATALOG_COMPILER_GLOBAL_ACCENT_COLOR_NAME = AccentColor;
				CODE_SIGN_STYLE = Automatic;
				CURRENT_PROJECT_VERSION = 1;
				GENERATE_INFOPLIST_FILE = YES;
				INFOPLIST_FILE = moviesApp2/Info.plist;
				INFOPLIST_KEY_UIApplicationSupportsIndirectInputEvents = YES;
				INFOPLIST_KEY_UILaunchStoryboardName = LaunchScreen;
				INFOPLIST_KEY_UIMainStoryboardFile = Main;
				INFOPLIST_KEY_UISupportedInterfaceOrientations_iPad = "UIInterfaceOrientationPortrait UIInterfaceOrientationPortraitUpsideDown UIInterfaceOrientationLandscapeLeft UIInterfaceOrientationLandscapeRight";
				INFOPLIST_KEY_UISupportedInterfaceOrientations_iPhone = "UIInterfaceOrientationPortrait UIInterfaceOrientationLandscapeLeft UIInterfaceOrientationLandscapeRight";
				LD_RUNPATH_SEARCH_PATHS = (
					"$(inherited)",
					"@executable_path/Frameworks",
				);
				MARKETING_VERSION = 1.0;
				PRODUCT_BUNDLE_IDENTIFIER = digital.vortigo.moviesApp2;
				PRODUCT_NAME = "$(TARGET_NAME)";
				SWIFT_EMIT_LOC_STRINGS = YES;
				SWIFT_VERSION = 5.0;
				TARGETED_DEVICE_FAMILY = "1,2";
			};
			name = Debug;
		};
		0FE5E353293A5DA6008E32D2 /* Release */ = {
			isa = XCBuildConfiguration;
			buildSettings = {
				ASSETCATALOG_COMPILER_APPICON_NAME = AppIcon;
				ASSETCATALOG_COMPILER_GLOBAL_ACCENT_COLOR_NAME = AccentColor;
				CODE_SIGN_STYLE = Automatic;
				CURRENT_PROJECT_VERSION = 1;
				GENERATE_INFOPLIST_FILE = YES;
				INFOPLIST_FILE = moviesApp2/Info.plist;
				INFOPLIST_KEY_UIApplicationSupportsIndirectInputEvents = YES;
				INFOPLIST_KEY_UILaunchStoryboardName = LaunchScreen;
				INFOPLIST_KEY_UIMainStoryboardFile = Main;
				INFOPLIST_KEY_UISupportedInterfaceOrientations_iPad = "UIInterfaceOrientationPortrait UIInterfaceOrientationPortraitUpsideDown UIInterfaceOrientationLandscapeLeft UIInterfaceOrientationLandscapeRight";
				INFOPLIST_KEY_UISupportedInterfaceOrientations_iPhone = "UIInterfaceOrientationPortrait UIInterfaceOrientationLandscapeLeft UIInterfaceOrientationLandscapeRight";
				LD_RUNPATH_SEARCH_PATHS = (
					"$(inherited)",
					"@executable_path/Frameworks",
				);
				MARKETING_VERSION = 1.0;
				PRODUCT_BUNDLE_IDENTIFIER = digital.vortigo.moviesApp2;
				PRODUCT_NAME = "$(TARGET_NAME)";
				SWIFT_EMIT_LOC_STRINGS = YES;
				SWIFT_VERSION = 5.0;
				TARGETED_DEVICE_FAMILY = "1,2";
			};
			name = Release;
		};
/* End XCBuildConfiguration section */

/* Begin XCConfigurationList section */
		0FE5E338293A5DA5008E32D2 /* Build configuration list for PBXProject "moviesApp2" */ = {
			isa = XCConfigurationList;
			buildConfigurations = (
				0FE5E34F293A5DA6008E32D2 /* Debug */,
				0FE5E350293A5DA6008E32D2 /* Release */,
			);
			defaultConfigurationIsVisible = 0;
			defaultConfigurationName = Release;
		};
		0FE5E351293A5DA6008E32D2 /* Build configuration list for PBXNativeTarget "moviesApp2" */ = {
			isa = XCConfigurationList;
			buildConfigurations = (
				0FE5E352293A5DA6008E32D2 /* Debug */,
				0FE5E353293A5DA6008E32D2 /* Release */,
			);
			defaultConfigurationIsVisible = 0;
			defaultConfigurationName = Release;
		};
/* End XCConfigurationList section */
	};
	rootObject = 0FE5E335293A5DA5008E32D2 /* Project object */;
}
